
Microsoft Visual Studio Solution File, Format Version 12.00
# Visual Studio Version 17
VisualStudioVersion = 17.3.32519.111
MinimumVisualStudioVersion = 10.0.40219.1
Project("{9A19103F-16F7-4668-BE54-9A1E7A4F7556}") = "Data Access", "Data Access\Data Access.csproj", "{75BC1002-7B65-4C56-90C1-9CC20A14AB59}"
EndProject
Project("{9A19103F-16F7-4668-BE54-9A1E7A4F7556}") = "Business", "Business\Business.csproj", "{A37FB280-730A-4D54-9FF6-CEA6DF885A0C}"
EndProject
Project("{9A19103F-16F7-4668-BE54-9A1E7A4F7556}") = "Entities", "Entities\Entities.csproj", "{99D40FB9-3E0F-4787-BA7A-60F00DAC2D34}"
EndProject
Project("{9A19103F-16F7-4668-BE54-9A1E7A4F7556}") = "ConsoleUI", "ConsoleUI\ConsoleUI.csproj", "{64D5FD2B-22A0-4331-976A-B2910342E229}"
EndProject
Project("{9A19103F-16F7-4668-BE54-9A1E7A4F7556}") = "Core", "Core\Core.csproj", "{BB2B7B6A-058D-456E-86E9-A263FF6730B2}"
EndProject
Project("{FAE04EC0-301F-11D3-BF4B-00C04F79EFBC}") = "WebApi", "WebApi\WebApi.csproj", "{D5017D87-6A94-4857-9302-EF6458524F48}"
EndProject
Global
	GlobalSection(SolutionConfigurationPlatforms) = preSolution
		Debug|Any CPU = Debug|Any CPU
		Release|Any CPU = Release|Any CPU
	EndGlobalSection
	GlobalSection(ProjectConfigurationPlatforms) = postSolution
		{75BC1002-7B65-4C56-90C1-9CC20A14AB59}.Debug|Any CPU.ActiveCfg = Debug|Any CPU
		{75BC1002-7B65-4C56-90C1-9CC20A14AB59}.Debug|Any CPU.Build.0 = Debug|Any CPU
		{75BC1002-7B65-4C56-90C1-9CC20A14AB59}.Release|Any CPU.ActiveCfg = Release|Any CPU
		{75BC1002-7B65-4C56-90C1-9CC20A14AB59}.Release|Any CPU.Build.0 = Release|Any CPU
		{A37FB280-730A-4D54-9FF6-CEA6DF885A0C}.Debug|Any CPU.ActiveCfg = Debug|Any CPU
		{A37FB280-730A-4D54-9FF6-CEA6DF885A0C}.Debug|Any CPU.Build.0 = Debug|Any CPU
		{A37FB280-730A-4D54-9FF6-CEA6DF885A0C}.Release|Any CPU.ActiveCfg = Release|Any CPU
		{A37FB280-730A-4D54-9FF6-CEA6DF885A0C}.Release|Any CPU.Build.0 = Release|Any CPU
		{99D40FB9-3E0F-4787-BA7A-60F00DAC2D34}.Debug|Any CPU.ActiveCfg = Debug|Any CPU
		{99D40FB9-3E0F-4787-BA7A-60F00DAC2D34}.Debug|Any CPU.Build.0 = Debug|Any CPU
		{99D40FB9-3E0F-4787-BA7A-60F00DAC2D34}.Release|Any CPU.ActiveCfg = Release|Any CPU
		{99D40FB9-3E0F-4787-BA7A-60F00DAC2D34}.Release|Any CPU.Build.0 = Release|Any CPU
		{64D5FD2B-22A0-4331-976A-B2910342E229}.Debug|Any CPU.ActiveCfg = Debug|Any CPU
		{64D5FD2B-22A0-4331-976A-B2910342E229}.Debug|Any CPU.Build.0 = Debug|Any CPU
		{64D5FD2B-22A0-4331-976A-B2910342E229}.Release|Any CPU.ActiveCfg = Release|Any CPU
		{64D5FD2B-22A0-4331-976A-B2910342E229}.Release|Any CPU.Build.0 = Release|Any CPU
		{BB2B7B6A-058D-456E-86E9-A263FF6730B2}.Debug|Any CPU.ActiveCfg = Debug|Any CPU
		{BB2B7B6A-058D-456E-86E9-A263FF6730B2}.Debug|Any CPU.Build.0 = Debug|Any CPU
		{BB2B7B6A-058D-456E-86E9-A263FF6730B2}.Release|Any CPU.ActiveCfg = Release|Any CPU
		{BB2B7B6A-058D-456E-86E9-A263FF6730B2}.Release|Any CPU.Build.0 = Release|Any CPU
		{D5017D87-6A94-4857-9302-EF6458524F48}.Debug|Any CPU.ActiveCfg = Debug|Any CPU
		{D5017D87-6A94-4857-9302-EF6458524F48}.Debug|Any CPU.Build.0 = Debug|Any CPU
		{D5017D87-6A94-4857-9302-EF6458524F48}.Release|Any CPU.ActiveCfg = Release|Any CPU
		{D5017D87-6A94-4857-9302-EF6458524F48}.Release|Any CPU.Build.0 = Release|Any CPU
	EndGlobalSection
	GlobalSection(SolutionProperties) = preSolution
		HideSolutionNode = FALSE
	EndGlobalSection
	GlobalSection(ExtensibilityGlobals) = postSolution
		SolutionGuid = {285308FC-F7CC-4898-B799-811B35CA70EB}
	EndGlobalSection
EndGlobal
